{
  "nodes": {
    "disko": {
      "inputs": {
        "nixpkgs": [
          "nixpkgs"
        ]
      },
      "locked": {
        "lastModified": 1773889306,
        "narHash": "sha256-PAqwnsBSI9SVC2QugvQ3xeYCB0otOwCacB1ueQj2tgw=",
        "owner": "nix-community",
        "repo": "disko",
        "rev": "5ad85c82cc52264f4beddc934ba57f3789f28347",
        "type": "github"
      },
      "original": {
        "owner": "nix-community",
        "repo": "disko",
        "rev": "5ad85c82cc52264f4beddc934ba57f3789f28347",
        "type": "github"
      }
    },
    "nixpkgs": {
      "locked": {
        "lastModified": 1791033472,
        "narHash": "sha256-IRpPnIfZ0drkkyMtuuvXaada2RjH+G2WYv14Ap1W8q4=",
        "owner": "NixOS",
        "repo": "nixpkgs",
        "rev": "ad70d223e208533b7ee8cc8e336a34aad134ab19",
        "type": "github"
      },
      "original": {
        "owner": "NixOS",
        "repo": "nixpkgs",
        "rev": "ad70d223e208533b7ee8cc8e336a34aad134ab19",
        "type": "github"
      }
    },
    "root": {
      "inputs": {
        "disko": "disko",
        "nixpkgs": "nixpkgs"
      }
    }
  },
  "root": "root",
  "version": 7
}
